<?xml version="1.0" encoding="utf-8"?>
<Project ToolsVersion="4.0" xmlns="http://schemas.microsoft.com/developer/msbuild/2003">
  <ItemGroup>
    <Filter Include="shader">
      <UniqueIdentifier>{b3b31925-9f73-4994-a202-5a4da35df161}</UniqueIdentifier>
    </Filter>
    <Filter Include="source">
      <UniqueIdentifier>{4FC737F1-C7A5-4376-A066-2A32D752A2FF}</UniqueIdentifier>
      <Extensions>cpp;c;cc;cxx;def;odl;idl;hpj;bat;asm;asmx</Extensions>
    </Filter>
    <Filter Include="header">
      <UniqueIdentifier>{93995380-89BD-4b04-88EB-625FBE52EBFB}</UniqueIdentifier>
      <Extensions>h;hh;hpp;hxx;hm;inl;inc;ipp;xsd</Extensions>
    </Filter>
  </ItemGroup>
  <ItemGroup>
    <ClInclude Include="src\Actor.hpp">
      <Filter>header</Filter>
    </ClInclude>
    <ClInclude Include="src\Component.hpp">
      <Filter>header</Filter>
    </ClInclude>
    <ClInclude Include="src\Game.hpp">
      <Filter>header</Filter>
    </ClInclude>
    <ClInclude Include="src\Math.hpp">
      <Filter>header</Filter>
    </ClInclude>
    <ClInclude Include="src\MoveComponent.hpp">
      <Filter>header</Filter>
    </ClInclude>
    <ClInclude Include="src\VertexArray.hpp">
      <Filter>header</Filter>
    </ClInclude>
    <ClInclude Include="src\Shader.hpp">
      <Filter>header</Filter>
    </ClInclude>
    <ClInclude Include="src\DrawComponent.hpp">
      <Filter>header</Filter>
    </ClInclude>
    <ClInclude Include="src\TestActor.hpp">
      <Filter>header</Filter>
    </ClInclude>
  </ItemGroup>
  <ItemGroup>
    <ClCompile Include="src\Game.cpp">
      <Filter>source</Filter>
    </ClCompile>
    <ClCompile Include="src\Main.cpp">
      <Filter>source</Filter>
    </ClCompile>
    <ClCompile Include="src\Actor.cpp">
      <Filter>source</Filter>
    </ClCompile>
    <ClCompile Include="src\Math.cpp">
      <Filter>source</Filter>
    </ClCompile>
    <ClCompile Include="src\MoveComponent.cpp">
      <Filter>source</Filter>
    </ClCompile>
    <ClCompile Include="src\Component.cpp">
      <Filter>source</Filter>
    </ClCompile>
    <ClCompile Include="src\VertexArray.cpp">
      <Filter>source</Filter>
    </ClCompile>
    <ClCompile Include="src\Shader.cpp">
      <Filter>source</Filter>
    </ClCompile>
    <ClCompile Include="src\DrawComponent.cpp">
      <Filter>source</Filter>
    </ClCompile>
    <ClCompile Include="src\TestActor.cpp">
      <Filter>source</Filter>
    </ClCompile>
  </ItemGroup>
  <ItemGroup>
    <None Include="src\shader\Basic.frag">
      <Filter>shader</Filter>
    </None>
    <None Include="src\shader\Basic.vert">
      <Filter>shader</Filter>
    </None>
    <None Include="src\shader\Transform.vert">
      <Filter>shader</Filter>
    </None>
  </ItemGroup>
</Project>